{
  "name": "minipro",
  "version": "1.0.0",
  "lockfileVersion": 1,
  "requires": true,
  "dependencies": {
    "abab": {
      "version": "2.0.5",
      "resolved": "https://registry.npm.taobao.org/abab/download/abab-2.0.5.tgz?cache=0&sync_timestamp=1599849993777&other_urls=https%3A%2F%2Fregistry.npm.taobao.org%2Fabab%2Fdownload%2Fabab-2.0.5.tgz",
      "integrity": "sha1-wLZ4+zLWD8EhnHhNaoJv44Wut5o="
    },
    "threejs-miniprogram": {
      "version": "0.0.5",
      "resolved": "https://registry.npm.taobao.org/threejs-miniprogram/download/threejs-miniprogram-0.0.5.tgz",
      "integrity": "sha1-1+ooIL9aYL6KpnyDmpX88xaE3Us=",
      "requires": {
        "abab": "^2.0.3"
      }
    }
  }
}
